
Microsoft Visual Studio Solution File, Format Version 12.00
Project("{FAE04EC0-301F-11D3-BF4B-00C04F79EFBC}") = "PSRMPoliceUtilities", "PSRMPoliceUtilities\PSRMPoliceUtilities.csproj", "{7DCB81DF-3167-479A-BF22-22F0192D06EC}"
EndProject
Global
	GlobalSection(SolutionConfigurationPlatforms) = preSolution
		Debug|Any CPU = Debug|Any CPU
		Release|Any CPU = Release|Any CPU
	EndGlobalSection
	GlobalSection(ProjectConfigurationPlatforms) = postSolution
		{7DCB81DF-3167-479A-BF22-22F0192D06EC}.Debug|Any CPU.ActiveCfg = Debug|Any CPU
		{7DCB81DF-3167-479A-BF22-22F0192D06EC}.Debug|Any CPU.Build.0 = Debug|Any CPU
		{7DCB81DF-3167-479A-BF22-22F0192D06EC}.Release|Any CPU.ActiveCfg = Release|Any CPU
		{7DCB81DF-3167-479A-BF22-22F0192D06EC}.Release|Any CPU.Build.0 = Release|Any CPU
	EndGlobalSection
EndGlobal
